
Microsoft Visual Studio Solution File, Format Version 12.00
# Visual Studio Version 17
VisualStudioVersion = 17.8.34511.84
MinimumVisualStudioVersion = 10.0.40219.1
Project("{FAE04EC0-301F-11D3-BF4B-00C04F79EFBC}") = "ProjetoDesafioDioCRM", "ProjetoDesafioDioCRM\ProjetoDesafioDioCRM.csproj", "{4334D6FC-1AF1-4A62-8F85-9B91FD6139DB}"
EndProject
Global
	GlobalSection(SolutionConfigurationPlatforms) = preSolution
		Debug|Any CPU = Debug|Any CPU
		Release|Any CPU = Release|Any CPU
	EndGlobalSection
	GlobalSection(ProjectConfigurationPlatforms) = postSolution
		{4334D6FC-1AF1-4A62-8F85-9B91FD6139DB}.Debug|Any CPU.ActiveCfg = Debug|Any CPU
		{4334D6FC-1AF1-4A62-8F85-9B91FD6139DB}.Debug|Any CPU.Build.0 = Debug|Any CPU
		{4334D6FC-1AF1-4A62-8F85-9B91FD6139DB}.Release|Any CPU.ActiveCfg = Release|Any CPU
		{4334D6FC-1AF1-4A62-8F85-9B91FD6139DB}.Release|Any CPU.Build.0 = Release|Any CPU
	EndGlobalSection
	GlobalSection(SolutionProperties) = preSolution
		HideSolutionNode = FALSE
	EndGlobalSection
	GlobalSection(ExtensibilityGlobals) = postSolution
		SolutionGuid = {46F1FA3A-7FB1-4CB6-935B-ADF361EB1BB2}
	EndGlobalSection
EndGlobal
